
Microsoft Visual Studio Solution File, Format Version 12.00
# Visual Studio Version 16
VisualStudioVersion = 16.0.31702.278
MinimumVisualStudioVersion = 10.0.40219.1
Project("{FAE04EC0-301F-11D3-BF4B-00C04F79EFBC}") = "MyFirstASP.NetProject", "MyFirstASP.NetProject\MyFirstASP.NetProject.csproj", "{99B76127-6033-4784-8DC9-F7D33F272DF3}"
EndProject
Global
	GlobalSection(SolutionConfigurationPlatforms) = preSolution
		Debug|Any CPU = Debug|Any CPU
		Release|Any CPU = Release|Any CPU
	EndGlobalSection
	GlobalSection(ProjectConfigurationPlatforms) = postSolution
		{99B76127-6033-4784-8DC9-F7D33F272DF3}.Debug|Any CPU.ActiveCfg = Debug|Any CPU
		{99B76127-6033-4784-8DC9-F7D33F272DF3}.Debug|Any CPU.Build.0 = Debug|Any CPU
		{99B76127-6033-4784-8DC9-F7D33F272DF3}.Release|Any CPU.ActiveCfg = Release|Any CPU
		{99B76127-6033-4784-8DC9-F7D33F272DF3}.Release|Any CPU.Build.0 = Release|Any CPU
	EndGlobalSection
	GlobalSection(SolutionProperties) = preSolution
		HideSolutionNode = FALSE
	EndGlobalSection
	GlobalSection(ExtensibilityGlobals) = postSolution
		SolutionGuid = {39D7310E-7334-4207-8BF3-8E8F5D8DE07F}
	EndGlobalSection
EndGlobal
